<Solution>
  <Project Path="IoT.Api/IoT.Api.csproj" />
  <Project Path="IoT.App/IoT.App.csproj" Id="b0b7b550-cda6-4367-9596-5e13ab0ca269">
    <Deploy Solution="Debug|*" />
  </Project>
  <Project Path="IoT.Esp32/IoT.Esp32.nfproj" Type="11a8dd76-328b-46df-9f39-f559912d0360" Id="412b4a66-1a93-4063-ad6a-207baa7ef900">
    <Deploy />
  </Project>
  <Project Path="IoT.Shared/IoT.Shared.csproj" />
  <Project Path="IoT.Worker/IoT.Worker.csproj" />
</Solution>
